
Microsoft Visual Studio Solution File, Format Version 11.00
# Visual Studio 2010
Project("{FAE04EC0-301F-11D3-BF4B-00C04F79EFBC}") = "NancyMessageHandler", "NancyMessageHandler\NancyMessageHandler.csproj", "{A3590B4E-D2E4-48C4-9404-32DCB0EB70F1}"
EndProject
Project("{FAE04EC0-301F-11D3-BF4B-00C04F79EFBC}") = "NancyMessageHandler.Tests", "NancyMessageHandler.Tests\NancyMessageHandler.Tests.csproj", "{996BEF62-64B0-45E5-ABB3-8E9D18345F65}"
EndProject
Global
	GlobalSection(SolutionConfigurationPlatforms) = preSolution
		Debug|Any CPU = Debug|Any CPU
		Release|Any CPU = Release|Any CPU
	EndGlobalSection
	GlobalSection(ProjectConfigurationPlatforms) = postSolution
		{A3590B4E-D2E4-48C4-9404-32DCB0EB70F1}.Debug|Any CPU.ActiveCfg = Debug|Any CPU
		{A3590B4E-D2E4-48C4-9404-32DCB0EB70F1}.Debug|Any CPU.Build.0 = Debug|Any CPU
		{A3590B4E-D2E4-48C4-9404-32DCB0EB70F1}.Release|Any CPU.ActiveCfg = Release|Any CPU
		{A3590B4E-D2E4-48C4-9404-32DCB0EB70F1}.Release|Any CPU.Build.0 = Release|Any CPU
		{996BEF62-64B0-45E5-ABB3-8E9D18345F65}.Debug|Any CPU.ActiveCfg = Debug|Any CPU
		{996BEF62-64B0-45E5-ABB3-8E9D18345F65}.Debug|Any CPU.Build.0 = Debug|Any CPU
		{996BEF62-64B0-45E5-ABB3-8E9D18345F65}.Release|Any CPU.ActiveCfg = Release|Any CPU
		{996BEF62-64B0-45E5-ABB3-8E9D18345F65}.Release|Any CPU.Build.0 = Release|Any CPU
	EndGlobalSection
	GlobalSection(SolutionProperties) = preSolution
		HideSolutionNode = FALSE
	EndGlobalSection
EndGlobal
